// !$*UTF8*$!
{
	archiveVersion = 1;
	classes = {
	};
	objectVersion = 46;
	objects = {

/* Begin PBXBuildFile section */
		FE13FA8A19188512003A1014 /* Foundation.framework in Frameworks */ = {isa = PBXBuildFile; fileRef = FE13FA8919188512003A1014 /* Foundation.framework */; };
		FE13FA8C19188512003A1014 /* CoreGraphics.framework in Frameworks */ = {isa = PBXBuildFile; fileRef = FE13FA8B19188512003A1014 /* CoreGraphics.framework */; };
		FE13FA8E19188512003A1014 /* UIKit.framework in Frameworks */ = {isa = PBXBuildFile; fileRef = FE13FA8D19188512003A1014 /* UIKit.framework */; };
		FE13FA9419188512003A1014 /* InfoPlist.strings in Resources */ = {isa = PBXBuildFile; fileRef = FE13FA9219188512003A1014 /* InfoPlist.strings */; };
		FE13FA9619188512003A1014 /* main.m in Sources */ = {isa = PBXBuildFile; fileRef = FE13FA9519188512003A1014 /* main.m */; };
		FE13FA9A19188512003A1014 /* AppDelegate.m in Sources */ = {isa = PBXBuildFile; fileRef = FE13FA9919188512003A1014 /* AppDelegate.m */; };
		FE13FA9D19188512003A1014 /* Main.storyboard in Resources */ = {isa = PBXBuildFile; fileRef = FE13FA9B19188512003A1014 /* Main.storyboard */; };
		FE13FAA019188512003A1014 /* ViewController.m in Sources */ = {isa = PBXBuildFile; fileRef = FE13FA9F19188512003A1014 /* ViewController.m */; };
		FE13FAA219188512003A1014 /* Images.xcassets in Resources */ = {isa = PBXBuildFile; fileRef = FE13FAA119188512003A1014 /* Images.xcassets */; };
		FE13FAA919188512003A1014 /* XCTest.framework in Frameworks */ = {isa = PBXBuildFile; fileRef = FE13FAA819188512003A1014 /* XCTest.framework */; };
		FE13FAAA19188512003A1014 /* Foundation.framework in Frameworks */ = {isa = PBXBuildFile; fileRef = FE13FA8919188512003A1014 /* Foundation.framework */; };
		FE13FAAB19188512003A1014 /* UIKit.framework in Frameworks */ = {isa = PBXBuildFile; fileRef = FE13FA8D19188512003A1014 /* UIKit.framework */; };
		FE13FAB319188512003A1014 /* InfoPlist.strings in Resources */ = {isa = PBXBuildFile; fileRef = FE13FAB119188512003A1014 /* InfoPlist.strings */; };
		FE13FAB519188512003A1014 /* ScrollViewWithFixedSubviewTests.m in Sources */ = {isa = PBXBuildFile; fileRef = FE13FAB419188512003A1014 /* ScrollViewWithFixedSubviewTests.m */; };
		FE13FABF19188688003A1014 /* testImage.jpg in Resources */ = {isa = PBXBuildFile; fileRef = FE13FABE19188688003A1014 /* testImage.jpg */; };
/* End PBXBuildFile section */

/* Begin PBXContainerItemProxy section */
		FE13FAAC19188512003A1014 /* PBXContainerItemProxy */ = {
			isa = PBXContainerItemProxy;
			containerPortal = FE13FA7E19188512003A1014 /* Project object */;
			proxyType = 1;
			remoteGlobalIDString = FE13FA8519188512003A1014;
			remoteInfo = ScrollViewWithFixedSubview;
		};
/* End PBXContainerItemProxy section */

/* Begin PBXFileReference section */
		FE13FA8619188512003A1014 /* ScrollViewWithFixedSubview.app */ = {isa = PBXFileReference; explicitFileType = wrapper.application; includeInIndex = 0; path = ScrollViewWithFixedSubview.app; sourceTree = BUILT_PRODUCTS_DIR; };
		FE13FA8919188512003A1014 /* Foundation.framework */ = {isa = PBXFileReference; lastKnownFileType = wrapper.framework; name = Foundation.framework; path = System/Library/Frameworks/Foundation.framework; sourceTree = SDKROOT; };
		FE13FA8B19188512003A1014 /* CoreGraphics.framework */ = {isa = PBXFileReference; lastKnownFileType = wrapper.framework; name = CoreGraphics.framework; path = System/Library/Frameworks/CoreGraphics.framework; sourceTree = SDKROOT; };
		FE13FA8D19188512003A1014 /* UIKit.framework */ = {isa = PBXFileReference; lastKnownFileType = wrapper.framework; name = UIKit.framework; path = System/Library/Frameworks/UIKit.framework; sourceTree = SDKROOT; };
		FE13FA9119188512003A1014 /* ScrollViewWithFixedSubview-Info.plist */ = {isa = PBXFileReference; lastKnownFileType = text.plist.xml; path = "ScrollViewWithFixedSubview-Info.plist"; sourceTree = "<group>"; };
		FE13FA9319188512003A1014 /* en */ = {isa = PBXFileReference; lastKnownFileType = text.plist.strings; name = en; path = en.lproj/InfoPlist.strings; sourceTree = "<group>"; };
		FE13FA9519188512003A1014 /* main.m */ = {isa = PBXFileReference; lastKnownFileType = sourcecode.c.objc; path = main.m; sourceTree = "<group>"; };
		FE13FA9719188512003A1014 /* ScrollViewWithFixedSubview-Prefix.pch */ = {isa = PBXFileReference; lastKnownFileType = sourcecode.c.h; path = "ScrollViewWithFixedSubview-Prefix.pch"; sourceTree = "<group>"; };
		FE13FA9819188512003A1014 /* AppDelegate.h */ = {isa = PBXFileReference; lastKnownFileType = sourcecode.c.h; path = AppDelegate.h; sourceTree = "<group>"; };
		FE13FA9919188512003A1014 /* AppDelegate.m */ = {isa = PBXFileReference; lastKnownFileType = sourcecode.c.objc; path = AppDelegate.m; sourceTree = "<group>"; };
		FE13FA9C19188512003A1014 /* Base */ = {isa = PBXFileReference; lastKnownFileType = file.storyboard; name = Base; path = Base.lproj/Main.storyboard; sourceTree = "<group>"; };
		FE13FA9E19188512003A1014 /* ViewController.h */ = {isa = PBXFileReference; lastKnownFileType = sourcecode.c.h; path = ViewController.h; sourceTree = "<group>"; };
		FE13FA9F19188512003A1014 /* ViewController.m */ = {isa = PBXFileReference; lastKnownFileType = sourcecode.c.objc; path = ViewController.m; sourceTree = "<group>"; };
		FE13FAA119188512003A1014 /* Images.xcassets */ = {isa = PBXFileReference; lastKnownFileType = folder.assetcatalog; path = Images.xcassets; sourceTree = "<group>"; };
		FE13FAA719188512003A1014 /* ScrollViewWithFixedSubviewTests.xctest */ = {isa = PBXFileReference; explicitFileType = wrapper.cfbundle; includeInIndex = 0; path = ScrollViewWithFixedSubviewTests.xctest; sourceTree = BUILT_PRODUCTS_DIR; };
		FE13FAA819188512003A1014 /* XCTest.framework */ = {isa = PBXFileReference; lastKnownFileType = wrapper.framework; name = XCTest.framework; path = Library/Frameworks/XCTest.framework; sourceTree = DEVELOPER_DIR; };
		FE13FAB019188512003A1014 /* ScrollViewWithFixedSubviewTests-Info.plist */ = {isa = PBXFileReference; lastKnownFileType = text.plist.xml; path = "ScrollViewWithFixedSubviewTests-Info.plist"; sourceTree = "<group>"; };
		FE13FAB219188512003A1014 /* en */ = {isa = PBXFileReference; lastKnownFileType = text.plist.strings; name = en; path = en.lproj/InfoPlist.strings; sourceTree = "<group>"; };
		FE13FAB419188512003A1014 /* ScrollViewWithFixedSubviewTests.m */ = {isa = PBXFileReference; lastKnownFileType = sourcecode.c.objc; path = ScrollViewWithFixedSubviewTests.m; sourceTree = "<group>"; };
		FE13FABE19188688003A1014 /* testImage.jpg */ = {isa = PBXFileReference; lastKnownFileType = image.jpeg; path = testImage.jpg; sourceTree = "<group>"; };
/* End PBXFileReference section */

/* Begin PBXFrameworksBuildPhase section */
		FE13FA8319188512003A1014 /* Frameworks */ = {
			isa = PBXFrameworksBuildPhase;
			buildActionMask = 2147483647;
			files = (
				FE13FA8C19188512003A1014 /* CoreGraphics.framework in Frameworks */,
				FE13FA8E19188512003A1014 /* UIKit.framework in Frameworks */,
				FE13FA8A19188512003A1014 /* Foundation.framework in Frameworks */,
			);
			runOnlyForDeploymentPostprocessing = 0;
		};
		FE13FAA419188512003A1014 /* Frameworks */ = {
			isa = PBXFrameworksBuildPhase;
			buildActionMask = 2147483647;
			files = (
				FE13FAA919188512003A1014 /* XCTest.framework in Frameworks */,
				FE13FAAB19188512003A1014 /* UIKit.framework in Frameworks */,
				FE13FAAA19188512003A1014 /* Foundation.framework in Frameworks */,
			);
			runOnlyForDeploymentPostprocessing = 0;
		};
/* End PBXFrameworksBuildPhase section */

/* Begin PBXGroup section */
		FE13FA7D19188512003A1014 = {
			isa = PBXGroup;
			children = (
				FE13FA8F19188512003A1014 /* ScrollViewWithFixedSubview */,
				FE13FAAE19188512003A1014 /* ScrollViewWithFixedSubviewTests */,
				FE13FA8819188512003A1014 /* Frameworks */,
				FE13FA8719188512003A1014 /* Products */,
			);
			sourceTree = "<group>";
		};
		FE13FA8719188512003A1014 /* Products */ = {
			isa = PBXGroup;
			children = (
				FE13FA8619188512003A1014 /* ScrollViewWithFixedSubview.app */,
				FE13FAA719188512003A1014 /* ScrollViewWithFixedSubviewTests.xctest */,
			);
			name = Products;
			sourceTree = "<group>";
		};
		FE13FA8819188512003A1014 /* Frameworks */ = {
			isa = PBXGroup;
			children = (
				FE13FA8919188512003A1014 /* Foundation.framework */,
				FE13FA8B19188512003A1014 /* CoreGraphics.framework */,
				FE13FA8D19188512003A1014 /* UIKit.framework */,
				FE13FAA819188512003A1014 /* XCTest.framework */,
			);
			name = Frameworks;
			sourceTree = "<group>";
		};
		FE13FA8F19188512003A1014 /* ScrollViewWithFixedSubview */ = {
			isa = PBXGroup;
			children = (
				FE13FA9819188512003A1014 /* AppDelegate.h */,
				FE13FA9919188512003A1014 /* AppDelegate.m */,
				FE13FA9B19188512003A1014 /* Main.storyboard */,
				FE13FA9E19188512003A1014 /* ViewController.h */,
				FE13FA9F19188512003A1014 /* ViewController.m */,
				FE13FAA119188512003A1014 /* Images.xcassets */,
				FE13FA9019188512003A1014 /* Supporting Files */,
			);
			path = ScrollViewWithFixedSubview;
			sourceTree = "<group>";
		};
		FE13FA9019188512003A1014 /* Supporting Files */ = {
			isa = PBXGroup;
			children = (
				FE13FABE19188688003A1014 /* testImage.jpg */,
				FE13FA9119188512003A1014 /* ScrollViewWithFixedSubview-Info.plist */,
				FE13FA9219188512003A1014 /* InfoPlist.strings */,
				FE13FA9519188512003A1014 /* main.m */,
				FE13FA9719188512003A1014 /* ScrollViewWithFixedSubview-Prefix.pch */,
			);
			name = "Supporting Files";
			sourceTree = "<group>";
		};
		FE13FAAE19188512003A1014 /* ScrollViewWithFixedSubviewTests */ = {
			isa = PBXGroup;
			children = (
				FE13FAB419188512003A1014 /* ScrollViewWithFixedSubviewTests.m */,
				FE13FAAF19188512003A1014 /* Supporting Files */,
			);
			path = ScrollViewWithFixedSubviewTests;
			sourceTree = "<group>";
		};
		FE13FAAF19188512003A1014 /* Supporting Files */ = {
			isa = PBXGroup;
			children = (
				FE13FAB019188512003A1014 /* ScrollViewWithFixedSubviewTests-Info.plist */,
				FE13FAB119188512003A1014 /* InfoPlist.strings */,
			);
			name = "Supporting Files";
			sourceTree = "<group>";
		};
/* End PBXGroup section */

/* Begin PBXNativeTarget section */
		FE13FA8519188512003A1014 /* ScrollViewWithFixedSubview */ = {
			isa = PBXNativeTarget;
			buildConfigurationList = FE13FAB819188512003A1014 /* Build configuration list for PBXNativeTarget "ScrollViewWithFixedSubview" */;
			buildPhases = (
				FE13FA8219188512003A1014 /* Sources */,
				FE13FA8319188512003A1014 /* Frameworks */,
				FE13FA8419188512003A1014 /* Resources */,
			);
			buildRules = (
			);
			dependencies = (
			);
			name = ScrollViewWithFixedSubview;
			productName = ScrollViewWithFixedSubview;
			productReference = FE13FA8619188512003A1014 /* ScrollViewWithFixedSubview.app */;
			productType = "com.apple.product-type.application";
		};
		FE13FAA619188512003A1014 /* ScrollViewWithFixedSubviewTests */ = {
			isa = PBXNativeTarget;
			buildConfigurationList = FE13FABB19188512003A1014 /* Build configuration list for PBXNativeTarget "ScrollViewWithFixedSubviewTests" */;
			buildPhases = (
				FE13FAA319188512003A1014 /* Sources */,
				FE13FAA419188512003A1014 /* Frameworks */,
				FE13FAA519188512003A1014 /* Resources */,
			);
			buildRules = (
			);
			dependencies = (
				FE13FAAD19188512003A1014 /* PBXTargetDependency */,
			);
			name = ScrollViewWithFixedSubviewTests;
			productName = ScrollViewWithFixedSubviewTests;
			productReference = FE13FAA719188512003A1014 /* ScrollViewWithFixedSubviewTests.xctest */;
			productType = "com.apple.product-type.bundle.unit-test";
		};
/* End PBXNativeTarget section */

/* Begin PBXProject section */
		FE13FA7E19188512003A1014 /* Project object */ = {
			isa = PBXProject;
			attributes = {
				LastUpgradeCheck = 0510;
				TargetAttributes = {
					FE13FAA619188512003A1014 = {
						TestTargetID = FE13FA8519188512003A1014;
					};
				};
			};
			buildConfigurationList = FE13FA8119188512003A1014 /* Build configuration list for PBXProject "ScrollViewWithFixedSubview" */;
			compatibilityVersion = "Xcode 3.2";
			developmentRegion = English;
			hasScannedForEncodings = 0;
			knownRegions = (
				en,
				Base,
			);
			mainGroup = FE13FA7D19188512003A1014;
			productRefGroup = FE13FA8719188512003A1014 /* Products */;
			projectDirPath = "";
			projectRoot = "";
			targets = (
				FE13FA8519188512003A1014 /* ScrollViewWithFixedSubview */,
				FE13FAA619188512003A1014 /* ScrollViewWithFixedSubviewTests */,
			);
		};
/* End PBXProject section */

/* Begin PBXResourcesBuildPhase section */
		FE13FA8419188512003A1014 /* Resources */ = {
			isa = PBXResourcesBuildPhase;
			buildActionMask = 2147483647;
			files = (
				FE13FAA219188512003A1014 /* Images.xcassets in Resources */,
				FE13FA9419188512003A1014 /* InfoPlist.strings in Resources */,
				FE13FA9D19188512003A1014 /* Main.storyboard in Resources */,
				FE13FABF19188688003A1014 /* testImage.jpg in Resources */,
			);
			runOnlyForDeploymentPostprocessing = 0;
		};
		FE13FAA519188512003A1014 /* Resources */ = {
			isa = PBXResourcesBuildPhase;
			buildActionMask = 2147483647;
			files = (
				FE13FAB319188512003A1014 /* InfoPlist.strings in Resources */,
			);
			runOnlyForDeploymentPostprocessing = 0;
		};
/* End PBXResourcesBuildPhase section */

/* Begin PBXSourcesBuildPhase section */
		FE13FA8219188512003A1014 /* Sources */ = {
			isa = PBXSourcesBuildPhase;
			buildActionMask = 2147483647;
			files = (
				FE13FAA019188512003A1014 /* ViewController.m in Sources */,
				FE13FA9A19188512003A1014 /* AppDelegate.m in Sources */,
				FE13FA9619188512003A1014 /* main.m in Sources */,
			);
			runOnlyForDeploymentPostprocessing = 0;
		};
		FE13FAA319188512003A1014 /* Sources */ = {
			isa = PBXSourcesBuildPhase;
			buildActionMask = 2147483647;
			files = (
				FE13FAB519188512003A1014 /* ScrollViewWithFixedSubviewTests.m in Sources */,
			);
			runOnlyForDeploymentPostprocessing = 0;
		};
/* End PBXSourcesBuildPhase section */

/* Begin PBXTargetDependency section */
		FE13FAAD19188512003A1014 /* PBXTargetDependency */ = {
			isa = PBXTargetDependency;
			target = FE13FA8519188512003A1014 /* ScrollViewWithFixedSubview */;
			targetProxy = FE13FAAC19188512003A1014 /* PBXContainerItemProxy */;
		};
/* End PBXTargetDependency section */

/* Begin PBXVariantGroup section */
		FE13FA9219188512003A1014 /* InfoPlist.strings */ = {
			isa = PBXVariantGroup;
			children = (
				FE13FA9319188512003A1014 /* en */,
			);
			name = InfoPlist.strings;
			sourceTree = "<group>";
		};
		FE13FA9B19188512003A1014 /* Main.storyboard */ = {
			isa = PBXVariantGroup;
			children = (
				FE13FA9C19188512003A1014 /* Base */,
			);
			name = Main.storyboard;
			sourceTree = "<group>";
		};
		FE13FAB119188512003A1014 /* InfoPlist.strings */ = {
			isa = PBXVariantGroup;
			children = (
				FE13FAB219188512003A1014 /* en */,
			);
			name = InfoPlist.strings;
			sourceTree = "<group>";
		};
/* End PBXVariantGroup section */

/* Begin XCBuildConfiguration section */
		FE13FAB619188512003A1014 /* Debug */ = {
			isa = XCBuildConfiguration;
			buildSettings = {
				ALWAYS_SEARCH_USER_PATHS = NO;
				CLANG_CXX_LANGUAGE_STANDARD = "gnu++0x";
				CLANG_CXX_LIBRARY = "libc++";
				CLANG_ENABLE_MODULES = YES;
				CLANG_ENABLE_OBJC_ARC = YES;
				CLANG_WARN_BOOL_CONVERSION = YES;
				CLANG_WARN_CONSTANT_CONVERSION = YES;
				CLANG_WARN_DIRECT_OBJC_ISA_USAGE = YES_ERROR;
				CLANG_WARN_EMPTY_BODY = YES;
				CLANG_WARN_ENUM_CONVERSION = YES;
				CLANG_WARN_INT_CONVERSION = YES;
				CLANG_WARN_OBJC_ROOT_CLASS = YES_ERROR;
				CLANG_WARN__DUPLICATE_METHOD_MATCH = YES;
				"CODE_SIGN_IDENTITY[sdk=iphoneos*]" = "iPhone Developer";
				COPY_PHASE_STRIP = NO;
				GCC_C_LANGUAGE_STANDARD = gnu99;
				GCC_DYNAMIC_NO_PIC = NO;
				GCC_OPTIMIZATION_LEVEL = 0;
				GCC_PREPROCESSOR_DEFINITIONS = (
					"DEBUG=1",
					"$(inherited)",
				);
				GCC_SYMBOLS_PRIVATE_EXTERN = NO;
				GCC_WARN_64_TO_32_BIT_CONVERSION = YES;
				GCC_WARN_ABOUT_RETURN_TYPE = YES_ERROR;
				GCC_WARN_UNDECLARED_SELECTOR = YES;
				GCC_WARN_UNINITIALIZED_AUTOS = YES_AGGRESSIVE;
				GCC_WARN_UNUSED_FUNCTION = YES;
				GCC_WARN_UNUSED_VARIABLE = YES;
				IPHONEOS_DEPLOYMENT_TARGET = 7.1;
				ONLY_ACTIVE_ARCH = YES;
				SDKROOT = iphoneos;
			};
			name = Debug;
		};
		FE13FAB719188512003A1014 /* Release */ = {
			isa = XCBuildConfiguration;
			buildSettings = {
				ALWAYS_SEARCH_USER_PATHS = NO;
				CLANG_CXX_LANGUAGE_STANDARD = "gnu++0x";
				CLANG_CXX_LIBRARY = "libc++";
				CLANG_ENABLE_MODULES = YES;
				CLANG_ENABLE_OBJC_ARC = YES;
				CLANG_WARN_BOOL_CONVERSION = YES;
				CLANG_WARN_CONSTANT_CONVERSION = YES;
				CLANG_WARN_DIRECT_OBJC_ISA_USAGE = YES_ERROR;
				CLANG_WARN_EMPTY_BODY = YES;
				CLANG_WARN_ENUM_CONVERSION = YES;
				CLANG_WARN_INT_CONVERSION = YES;
				CLANG_WARN_OBJC_ROOT_CLASS = YES_ERROR;
				CLANG_WARN__DUPLICATE_METHOD_MATCH = YES;
				"CODE_SIGN_IDENTITY[sdk=iphoneos*]" = "iPhone Developer";
				COPY_PHASE_STRIP = YES;
				ENABLE_NS_ASSERTIONS = NO;
				GCC_C_LANGUAGE_STANDARD = gnu99;
				GCC_WARN_64_TO_32_BIT_CONVERSION = YES;
				GCC_WARN_ABOUT_RETURN_TYPE = YES_ERROR;
				GCC_WARN_UNDECLARED_SELECTOR = YES;
				GCC_WARN_UNINITIALIZED_AUTOS = YES_AGGRESSIVE;
				GCC_WARN_UNUSED_FUNCTION = YES;
				GCC_WARN_UNUSED_VARIABLE = YES;
				IPHONEOS_DEPLOYMENT_TARGET = 7.1;
				SDKROOT = iphoneos;
				VALIDATE_PRODUCT = YES;
			};
			name = Release;
		};
		FE13FAB919188512003A1014 /* Debug */ = {
			isa = XCBuildConfiguration;
			buildSettings = {
				ASSETCATALOG_COMPILER_APPICON_NAME = AppIcon;
				ASSETCATALOG_COMPILER_LAUNCHIMAGE_NAME = LaunchImage;
				GCC_PRECOMPILE_PREFIX_HEADER = YES;
				GCC_PREFIX_HEADER = "ScrollViewWithFixedSubview/ScrollViewWithFixedSubview-Prefix.pch";
				INFOPLIST_FILE = "ScrollViewWithFixedSubview/ScrollViewWithFixedSubview-Info.plist";
				PRODUCT_NAME = "$(TARGET_NAME)";
				WRAPPER_EXTENSION = app;
			};
			name = Debug;
		};
		FE13FABA19188512003A1014 /* Release */ = {
			isa = XCBuildConfiguration;
			buildSettings = {
				ASSETCATALOG_COMPILER_APPICON_NAME = AppIcon;
				ASSETCATALOG_COMPILER_LAUNCHIMAGE_NAME = LaunchImage;
				GCC_PRECOMPILE_PREFIX_HEADER = YES;
				GCC_PREFIX_HEADER = "ScrollViewWithFixedSubview/ScrollViewWithFixedSubview-Prefix.pch";
				INFOPLIST_FILE = "ScrollViewWithFixedSubview/ScrollViewWithFixedSubview-Info.plist";
				PRODUCT_NAME = "$(TARGET_NAME)";
				WRAPPER_EXTENSION = app;
			};
			name = Release;
		};
		FE13FABC19188512003A1014 /* Debug */ = {
			isa = XCBuildConfiguration;
			buildSettings = {
				BUNDLE_LOADER = "$(BUILT_PRODUCTS_DIR)/ScrollViewWithFixedSubview.app/ScrollViewWithFixedSubview";
				FRAMEWORK_SEARCH_PATHS = (
					"$(SDKROOT)/Developer/Library/Frameworks",
					"$(inherited)",
					"$(DEVELOPER_FRAMEWORKS_DIR)",
				);
				GCC_PRECOMPILE_PREFIX_HEADER = YES;
				GCC_PREFIX_HEADER = "ScrollViewWithFixedSubview/ScrollViewWithFixedSubview-Prefix.pch";
				GCC_PREPROCESSOR_DEFINITIONS = (
					"DEBUG=1",
					"$(inherited)",
				);
				INFOPLIST_FILE = "ScrollViewWithFixedSubviewTests/ScrollViewWithFixedSubviewTests-Info.plist";
				PRODUCT_NAME = "$(TARGET_NAME)";
				TEST_HOST = "$(BUNDLE_LOADER)";
				WRAPPER_EXTENSION = xctest;
			};
			name = Debug;
		};
		FE13FABD19188512003A1014 /* Release */ = {
			isa = XCBuildConfiguration;
			buildSettings = {
				BUNDLE_LOADER = "$(BUILT_PRODUCTS_DIR)/ScrollViewWithFixedSubview.app/ScrollViewWithFixedSubview";
				FRAMEWORK_SEARCH_PATHS = (
					"$(SDKROOT)/Developer/Library/Frameworks",
					"$(inherited)",
					"$(DEVELOPER_FRAMEWORKS_DIR)",
				);
				GCC_PRECOMPILE_PREFIX_HEADER = YES;
				GCC_PREFIX_HEADER = "ScrollViewWithFixedSubview/ScrollViewWithFixedSubview-Prefix.pch";
				INFOPLIST_FILE = "ScrollViewWithFixedSubviewTests/ScrollViewWithFixedSubviewTests-Info.plist";
				PRODUCT_NAME = "$(TARGET_NAME)";
				TEST_HOST = "$(BUNDLE_LOADER)";
				WRAPPER_EXTENSION = xctest;
			};
			name = Release;
		};
/* End XCBuildConfiguration section */

/* Begin XCConfigurationList section */
		FE13FA8119188512003A1014 /* Build configuration list for PBXProject "ScrollViewWithFixedSubview" */ = {
			isa = XCConfigurationList;
			buildConfigurations = (
				FE13FAB619188512003A1014 /* Debug */,
				FE13FAB719188512003A1014 /* Release */,
			);
			defaultConfigurationIsVisible = 0;
			defaultConfigurationName = Release;
		};
		FE13FAB819188512003A1014 /* Build configuration list for PBXNativeTarget "ScrollViewWithFixedSubview" */ = {
			isa = XCConfigurationList;
			buildConfigurations = (
				FE13FAB919188512003A1014 /* Debug */,
				FE13FABA19188512003A1014 /* Release */,
			);
			defaultConfigurationIsVisible = 0;
		};
		FE13FABB19188512003A1014 /* Build configuration list for PBXNativeTarget "ScrollViewWithFixedSubviewTests" */ = {
			isa = XCConfigurationList;
			buildConfigurations = (
				FE13FABC19188512003A1014 /* Debug */,
				FE13FABD19188512003A1014 /* Release */,
			);
			defaultConfigurationIsVisible = 0;
		};
/* End XCConfigurationList section */
	};
	rootObject = FE13FA7E19188512003A1014 /* Project object */;
}
